
Microsoft Visual Studio Solution File, Format Version 12.00
# Visual Studio Version 16
VisualStudioVersion = 25.0.1700.0
MinimumVisualStudioVersion = 10.0.40219.1
Project("{FAE04EC0-301F-11D3-BF4B-00C04F79EFBC}") = "MemberApi", "MemberApi\MemberApi.csproj", "{E83CA2DA-825E-4449-B15E-DF149AEDF5C7}"
EndProject
Project("{FAE04EC0-301F-11D3-BF4B-00C04F79EFBC}") = "Member.Data", "Member.Data\Member.Data.csproj", "{5F60EF42-6F88-4E18-BC8C-18EE67017458}"
EndProject
Global
	GlobalSection(SolutionConfigurationPlatforms) = preSolution
		Debug|Any CPU = Debug|Any CPU
		Release|Any CPU = Release|Any CPU
	EndGlobalSection
	GlobalSection(ProjectConfigurationPlatforms) = postSolution
		{E83CA2DA-825E-4449-B15E-DF149AEDF5C7}.Debug|Any CPU.ActiveCfg = Debug|Any CPU
		{E83CA2DA-825E-4449-B15E-DF149AEDF5C7}.Debug|Any CPU.Build.0 = Debug|Any CPU
		{E83CA2DA-825E-4449-B15E-DF149AEDF5C7}.Release|Any CPU.ActiveCfg = Release|Any CPU
		{E83CA2DA-825E-4449-B15E-DF149AEDF5C7}.Release|Any CPU.Build.0 = Release|Any CPU
		{5F60EF42-6F88-4E18-BC8C-18EE67017458}.Debug|Any CPU.ActiveCfg = Debug|Any CPU
		{5F60EF42-6F88-4E18-BC8C-18EE67017458}.Debug|Any CPU.Build.0 = Debug|Any CPU
		{5F60EF42-6F88-4E18-BC8C-18EE67017458}.Release|Any CPU.ActiveCfg = Release|Any CPU
		{5F60EF42-6F88-4E18-BC8C-18EE67017458}.Release|Any CPU.Build.0 = Release|Any CPU
	EndGlobalSection
	GlobalSection(SolutionProperties) = preSolution
		HideSolutionNode = FALSE
	EndGlobalSection
	GlobalSection(ExtensibilityGlobals) = postSolution
		SolutionGuid = {F66285D5-3AB1-4294-A905-DB0A247255DC}
	EndGlobalSection
EndGlobal
